PODS:
  - MobileWorkflow (0.0.54):
    - MobileWorkflow/Core (= 0.0.54)
  - MobileWorkflow/Core (0.0.54)

DEPENDENCIES:
  - MobileWorkflow

SPEC REPOS:
  https://github.com/FutureWorkshops/FWTPodspecs.git:
    - MobileWorkflow

SPEC CHECKSUMS:
  MobileWorkflow: 4b88958dfe744d9e8541ec8d023003d0f9590e20

PODFILE CHECKSUM: ff5fe00ad39c43dbc3e6eeb39163a002574fdfb7

COCOAPODS: 1.10.0
