PODS:
  - MobileWorkflow (0.0.53):
    - MobileWorkflow/Core (= 0.0.53)
  - MobileWorkflow/Core (0.0.53)

DEPENDENCIES:
  - MobileWorkflow

SPEC REPOS:
  https://github.com/FutureWorkshops/FWTPodspecs.git:
    - MobileWorkflow

SPEC CHECKSUMS:
  MobileWorkflow: 0a884335a82a17ceb1d72e038bf815ad0c22054a

PODFILE CHECKSUM: ff5fe00ad39c43dbc3e6eeb39163a002574fdfb7

COCOAPODS: 1.10.0
