PODS:
  - MobileWorkflow (0.0.74):
    - MobileWorkflow/Core (= 0.0.74)
  - MobileWorkflow/Core (0.0.74)

DEPENDENCIES:
  - MobileWorkflow

SPEC REPOS:
  https://github.com/FutureWorkshops/MWPodspecs.git:
    - MobileWorkflow

SPEC CHECKSUMS:
  MobileWorkflow: b41c5ff0be044b41d5957705c7334514946b7e2a

PODFILE CHECKSUM: 93088d90687a33f479985801d17e1d25d1a8f6f1

COCOAPODS: 1.10.1
