// !$*UTF8*$!
{
	archiveVersion = 1;
	classes = {
	};
	objectVersion = 50;
	objects = {

/* Begin PBXBuildFile section */
		B103B1BC258782F00021139F /* MWPushNotificationsResult.swift in Sources */ = {isa = PBXBuildFile; fileRef = B103B1BB258782F00021139F /* MWPushNotificationsResult.swift */; };
		B1AD684325811E6F003A8D01 /* MWPushNotificationsPlugin.framework in Frameworks */ = {isa = PBXBuildFile; fileRef = B1AD683925811E6E003A8D01 /* MWPushNotificationsPlugin.framework */; };
		B1AD684825811E6F003A8D01 /* MWPushNotificationsPluginTests.swift in Sources */ = {isa = PBXBuildFile; fileRef = B1AD684725811E6F003A8D01 /* MWPushNotificationsPluginTests.swift */; };
		B1AD684A25811E6F003A8D01 /* MWPushNotificationsPlugin.h in Headers */ = {isa = PBXBuildFile; fileRef = B1AD683C25811E6E003A8D01 /* MWPushNotificationsPlugin.h */; settings = {ATTRIBUTES = (Public, ); }; };
		B1AD686725811F85003A8D01 /* MWPushNotificationsPlugin.swift in Sources */ = {isa = PBXBuildFile; fileRef = B1AD686625811F85003A8D01 /* MWPushNotificationsPlugin.swift */; };
		B1AD686E25811FD2003A8D01 /* MWPushNotificationsStep.swift in Sources */ = {isa = PBXBuildFile; fileRef = B1AD686D25811FD2003A8D01 /* MWPushNotificationsStep.swift */; };
		B1AD687625812052003A8D01 /* MWPushNotificationsViewController.swift in Sources */ = {isa = PBXBuildFile; fileRef = B1AD687525812052003A8D01 /* MWPushNotificationsViewController.swift */; };
		F578215974D8A0F69E4EFF27 /* Pods_MWPushNotifications_MWPushNotificationsPlugin.framework in Frameworks */ = {isa = PBXBuildFile; fileRef = 44CA1AF35A7512FB0B11F183 /* Pods_MWPushNotifications_MWPushNotificationsPlugin.framework */; };
		FB393448D494ADCF67C65D83 /* Pods_MWPushNotificationsPluginTests.framework in Frameworks */ = {isa = PBXBuildFile; fileRef = 0F045B79BDA94E7710AA54CB /* Pods_MWPushNotificationsPluginTests.framework */; };
/* End PBXBuildFile section */

/* Begin PBXContainerItemProxy section */
		B1AD684425811E6F003A8D01 /* PBXContainerItemProxy */ = {
			isa = PBXContainerItemProxy;
			containerPortal = B1AD683025811E6E003A8D01 /* Project object */;
			proxyType = 1;
			remoteGlobalIDString = B1AD683825811E6E003A8D01;
			remoteInfo = MWPushNotificationsPlugin;
		};
/* End PBXContainerItemProxy section */

/* Begin PBXFileReference section */
		0F045B79BDA94E7710AA54CB /* Pods_MWPushNotificationsPluginTests.framework */ = {isa = PBXFileReference; explicitFileType = wrapper.framework; includeInIndex = 0; path = Pods_MWPushNotificationsPluginTests.framework; sourceTree = BUILT_PRODUCTS_DIR; };
		44CA1AF35A7512FB0B11F183 /* Pods_MWPushNotifications_MWPushNotificationsPlugin.framework */ = {isa = PBXFileReference; explicitFileType = wrapper.framework; includeInIndex = 0; path = Pods_MWPushNotifications_MWPushNotificationsPlugin.framework; sourceTree = BUILT_PRODUCTS_DIR; };
		93E3B82DD636AA25A489CD50 /* Pods-MWPushNotifications-MWPushNotificationsPlugin.release.xcconfig */ = {isa = PBXFileReference; includeInIndex = 1; lastKnownFileType = text.xcconfig; name = "Pods-MWPushNotifications-MWPushNotificationsPlugin.release.xcconfig"; path = "Target Support Files/Pods-MWPushNotifications-MWPushNotificationsPlugin/Pods-MWPushNotifications-MWPushNotificationsPlugin.release.xcconfig"; sourceTree = "<group>"; };
		9ADEF979AAC2948D2B8E353F /* Pods-MWPushNotificationsPluginTests.release.xcconfig */ = {isa = PBXFileReference; includeInIndex = 1; lastKnownFileType = text.xcconfig; name = "Pods-MWPushNotificationsPluginTests.release.xcconfig"; path = "Target Support Files/Pods-MWPushNotificationsPluginTests/Pods-MWPushNotificationsPluginTests.release.xcconfig"; sourceTree = "<group>"; };
		AA7721421828052B64961E4C /* Pods-MWPushNotificationsPluginTests.debug.xcconfig */ = {isa = PBXFileReference; includeInIndex = 1; lastKnownFileType = text.xcconfig; name = "Pods-MWPushNotificationsPluginTests.debug.xcconfig"; path = "Target Support Files/Pods-MWPushNotificationsPluginTests/Pods-MWPushNotificationsPluginTests.debug.xcconfig"; sourceTree = "<group>"; };
		AC2AC509D1B8B0C185278273 /* Pods-MWPushNotifications-MWPushNotificationsPlugin.debug.xcconfig */ = {isa = PBXFileReference; includeInIndex = 1; lastKnownFileType = text.xcconfig; name = "Pods-MWPushNotifications-MWPushNotificationsPlugin.debug.xcconfig"; path = "Target Support Files/Pods-MWPushNotifications-MWPushNotificationsPlugin/Pods-MWPushNotifications-MWPushNotificationsPlugin.debug.xcconfig"; sourceTree = "<group>"; };
		B103B1BB258782F00021139F /* MWPushNotificationsResult.swift */ = {isa = PBXFileReference; lastKnownFileType = sourcecode.swift; path = MWPushNotificationsResult.swift; sourceTree = "<group>"; };
		B1AD683925811E6E003A8D01 /* MWPushNotificationsPlugin.framework */ = {isa = PBXFileReference; explicitFileType = wrapper.framework; includeInIndex = 0; path = MWPushNotificationsPlugin.framework; sourceTree = BUILT_PRODUCTS_DIR; };
		B1AD683C25811E6E003A8D01 /* MWPushNotificationsPlugin.h */ = {isa = PBXFileReference; lastKnownFileType = sourcecode.c.h; path = MWPushNotificationsPlugin.h; sourceTree = "<group>"; };
		B1AD683D25811E6E003A8D01 /* Info.plist */ = {isa = PBXFileReference; lastKnownFileType = text.plist.xml; path = Info.plist; sourceTree = "<group>"; };
		B1AD684225811E6F003A8D01 /* MWPushNotificationsPluginTests.xctest */ = {isa = PBXFileReference; explicitFileType = wrapper.cfbundle; includeInIndex = 0; path = MWPushNotificationsPluginTests.xctest; sourceTree = BUILT_PRODUCTS_DIR; };
		B1AD684725811E6F003A8D01 /* MWPushNotificationsPluginTests.swift */ = {isa = PBXFileReference; lastKnownFileType = sourcecode.swift; path = MWPushNotificationsPluginTests.swift; sourceTree = "<group>"; };
		B1AD684925811E6F003A8D01 /* Info.plist */ = {isa = PBXFileReference; lastKnownFileType = text.plist.xml; path = Info.plist; sourceTree = "<group>"; };
		B1AD686625811F85003A8D01 /* MWPushNotificationsPlugin.swift */ = {isa = PBXFileReference; lastKnownFileType = sourcecode.swift; path = MWPushNotificationsPlugin.swift; sourceTree = "<group>"; };
		B1AD686D25811FD2003A8D01 /* MWPushNotificationsStep.swift */ = {isa = PBXFileReference; lastKnownFileType = sourcecode.swift; path = MWPushNotificationsStep.swift; sourceTree = "<group>"; };
		B1AD687525812052003A8D01 /* MWPushNotificationsViewController.swift */ = {isa = PBXFileReference; lastKnownFileType = sourcecode.swift; path = MWPushNotificationsViewController.swift; sourceTree = "<group>"; };
/* End PBXFileReference section */

/* Begin PBXFrameworksBuildPhase section */
		B1AD683625811E6E003A8D01 /* Frameworks */ = {
			isa = PBXFrameworksBuildPhase;
			buildActionMask = 2147483647;
			files = (
				F578215974D8A0F69E4EFF27 /* Pods_MWPushNotifications_MWPushNotificationsPlugin.framework in Frameworks */,
			);
			runOnlyForDeploymentPostprocessing = 0;
		};
		B1AD683F25811E6F003A8D01 /* Frameworks */ = {
			isa = PBXFrameworksBuildPhase;
			buildActionMask = 2147483647;
			files = (
				B1AD684325811E6F003A8D01 /* MWPushNotificationsPlugin.framework in Frameworks */,
				FB393448D494ADCF67C65D83 /* Pods_MWPushNotificationsPluginTests.framework in Frameworks */,
			);
			runOnlyForDeploymentPostprocessing = 0;
		};
/* End PBXFrameworksBuildPhase section */

/* Begin PBXGroup section */
		68F69E81711033E15BFC2B48 /* Pods */ = {
			isa = PBXGroup;
			children = (
				AC2AC509D1B8B0C185278273 /* Pods-MWPushNotifications-MWPushNotificationsPlugin.debug.xcconfig */,
				93E3B82DD636AA25A489CD50 /* Pods-MWPushNotifications-MWPushNotificationsPlugin.release.xcconfig */,
				AA7721421828052B64961E4C /* Pods-MWPushNotificationsPluginTests.debug.xcconfig */,
				9ADEF979AAC2948D2B8E353F /* Pods-MWPushNotificationsPluginTests.release.xcconfig */,
			);
			name = Pods;
			path = ../Pods;
			sourceTree = "<group>";
		};
		B1AD682F25811E6E003A8D01 = {
			isa = PBXGroup;
			children = (
				B1AD683B25811E6E003A8D01 /* MWPushNotificationsPlugin */,
				B1AD684625811E6F003A8D01 /* MWPushNotificationsPluginTests */,
				B1AD683A25811E6E003A8D01 /* Products */,
				68F69E81711033E15BFC2B48 /* Pods */,
				D760899F26E7DE0522D1F551 /* Frameworks */,
			);
			sourceTree = "<group>";
		};
		B1AD683A25811E6E003A8D01 /* Products */ = {
			isa = PBXGroup;
			children = (
				B1AD683925811E6E003A8D01 /* MWPushNotificationsPlugin.framework */,
				B1AD684225811E6F003A8D01 /* MWPushNotificationsPluginTests.xctest */,
			);
			name = Products;
			sourceTree = "<group>";
		};
		B1AD683B25811E6E003A8D01 /* MWPushNotificationsPlugin */ = {
			isa = PBXGroup;
			children = (
				B1AD686625811F85003A8D01 /* MWPushNotificationsPlugin.swift */,
				B1AD686C25811FBF003A8D01 /* PushNotificationsStep */,
				B1AD683C25811E6E003A8D01 /* MWPushNotificationsPlugin.h */,
				B1AD683D25811E6E003A8D01 /* Info.plist */,
			);
			path = MWPushNotificationsPlugin;
			sourceTree = "<group>";
		};
		B1AD684625811E6F003A8D01 /* MWPushNotificationsPluginTests */ = {
			isa = PBXGroup;
			children = (
				B1AD684725811E6F003A8D01 /* MWPushNotificationsPluginTests.swift */,
				B1AD684925811E6F003A8D01 /* Info.plist */,
			);
			path = MWPushNotificationsPluginTests;
			sourceTree = "<group>";
		};
		B1AD686C25811FBF003A8D01 /* PushNotificationsStep */ = {
			isa = PBXGroup;
			children = (
				B1AD686D25811FD2003A8D01 /* MWPushNotificationsStep.swift */,
				B1AD687525812052003A8D01 /* MWPushNotificationsViewController.swift */,
				B103B1BB258782F00021139F /* MWPushNotificationsResult.swift */,
			);
			path = PushNotificationsStep;
			sourceTree = "<group>";
		};
		D760899F26E7DE0522D1F551 /* Frameworks */ = {
			isa = PBXGroup;
			children = (
				44CA1AF35A7512FB0B11F183 /* Pods_MWPushNotifications_MWPushNotificationsPlugin.framework */,
				0F045B79BDA94E7710AA54CB /* Pods_MWPushNotificationsPluginTests.framework */,
			);
			name = Frameworks;
			sourceTree = "<group>";
		};
/* End PBXGroup section */

/* Begin PBXHeadersBuildPhase section */
		B1AD683425811E6E003A8D01 /* Headers */ = {
			isa = PBXHeadersBuildPhase;
			buildActionMask = 2147483647;
			files = (
				B1AD684A25811E6F003A8D01 /* MWPushNotificationsPlugin.h in Headers */,
			);
			runOnlyForDeploymentPostprocessing = 0;
		};
/* End PBXHeadersBuildPhase section */

/* Begin PBXNativeTarget section */
		B1AD683825811E6E003A8D01 /* MWPushNotificationsPlugin */ = {
			isa = PBXNativeTarget;
			buildConfigurationList = B1AD684D25811E6F003A8D01 /* Build configuration list for PBXNativeTarget "MWPushNotificationsPlugin" */;
			buildPhases = (
				D545F6F936FB8FD9D02EE234 /* [CP] Check Pods Manifest.lock */,
				B1AD683425811E6E003A8D01 /* Headers */,
				B1AD683525811E6E003A8D01 /* Sources */,
				B1AD683625811E6E003A8D01 /* Frameworks */,
				B1AD683725811E6E003A8D01 /* Resources */,
			);
			buildRules = (
			);
			dependencies = (
			);
			name = MWPushNotificationsPlugin;
			productName = MWPushNotificationsPlugin;
			productReference = B1AD683925811E6E003A8D01 /* MWPushNotificationsPlugin.framework */;
			productType = "com.apple.product-type.framework";
		};
		B1AD684125811E6F003A8D01 /* MWPushNotificationsPluginTests */ = {
			isa = PBXNativeTarget;
			buildConfigurationList = B1AD685025811E6F003A8D01 /* Build configuration list for PBXNativeTarget "MWPushNotificationsPluginTests" */;
			buildPhases = (
				B3DC40B5CF48E74D1C906737 /* [CP] Check Pods Manifest.lock */,
				B1AD683E25811E6F003A8D01 /* Sources */,
				B1AD683F25811E6F003A8D01 /* Frameworks */,
				B1AD684025811E6F003A8D01 /* Resources */,
			);
			buildRules = (
			);
			dependencies = (
				B1AD684525811E6F003A8D01 /* PBXTargetDependency */,
			);
			name = MWPushNotificationsPluginTests;
			productName = MWPushNotificationsPluginTests;
			productReference = B1AD684225811E6F003A8D01 /* MWPushNotificationsPluginTests.xctest */;
			productType = "com.apple.product-type.bundle.unit-test";
		};
/* End PBXNativeTarget section */

/* Begin PBXProject section */
		B1AD683025811E6E003A8D01 /* Project object */ = {
			isa = PBXProject;
			attributes = {
				LastSwiftUpdateCheck = 1220;
				LastUpgradeCheck = 1220;
				TargetAttributes = {
					B1AD683825811E6E003A8D01 = {
						CreatedOnToolsVersion = 12.2;
						LastSwiftMigration = 1220;
					};
					B1AD684125811E6F003A8D01 = {
						CreatedOnToolsVersion = 12.2;
					};
				};
			};
			buildConfigurationList = B1AD683325811E6E003A8D01 /* Build configuration list for PBXProject "MWPushNotificationsPlugin" */;
			compatibilityVersion = "Xcode 9.3";
			developmentRegion = en;
			hasScannedForEncodings = 0;
			knownRegions = (
				en,
				Base,
			);
			mainGroup = B1AD682F25811E6E003A8D01;
			productRefGroup = B1AD683A25811E6E003A8D01 /* Products */;
			projectDirPath = "";
			projectRoot = "";
			targets = (
				B1AD683825811E6E003A8D01 /* MWPushNotificationsPlugin */,
				B1AD684125811E6F003A8D01 /* MWPushNotificationsPluginTests */,
			);
		};
/* End PBXProject section */

/* Begin PBXResourcesBuildPhase section */
		B1AD683725811E6E003A8D01 /* Resources */ = {
			isa = PBXResourcesBuildPhase;
			buildActionMask = 2147483647;
			files = (
			);
			runOnlyForDeploymentPostprocessing = 0;
		};
		B1AD684025811E6F003A8D01 /* Resources */ = {
			isa = PBXResourcesBuildPhase;
			buildActionMask = 2147483647;
			files = (
			);
			runOnlyForDeploymentPostprocessing = 0;
		};
/* End PBXResourcesBuildPhase section */

/* Begin PBXShellScriptBuildPhase section */
		B3DC40B5CF48E74D1C906737 /* [CP] Check Pods Manifest.lock */ = {
			isa = PBXShellScriptBuildPhase;
			buildActionMask = 2147483647;
			files = (
			);
			inputFileListPaths = (
			);
			inputPaths = (
				"${PODS_PODFILE_DIR_PATH}/Podfile.lock",
				"${PODS_ROOT}/Manifest.lock",
			);
			name = "[CP] Check Pods Manifest.lock";
			outputFileListPaths = (
			);
			outputPaths = (
				"$(DERIVED_FILE_DIR)/Pods-MWPushNotificationsPluginTests-checkManifestLockResult.txt",
			);
			runOnlyForDeploymentPostprocessing = 0;
			shellPath = /bin/sh;
			shellScript = "diff \"${PODS_PODFILE_DIR_PATH}/Podfile.lock\" \"${PODS_ROOT}/Manifest.lock\" > /dev/null\nif [ $? != 0 ] ; then\n    # print error to STDERR\n    echo \"error: The sandbox is not in sync with the Podfile.lock. Run 'pod install' or update your CocoaPods installation.\" >&2\n    exit 1\nfi\n# This output is used by Xcode 'outputs' to avoid re-running this script phase.\necho \"SUCCESS\" > \"${SCRIPT_OUTPUT_FILE_0}\"\n";
			showEnvVarsInLog = 0;
		};
		D545F6F936FB8FD9D02EE234 /* [CP] Check Pods Manifest.lock */ = {
			isa = PBXShellScriptBuildPhase;
			buildActionMask = 2147483647;
			files = (
			);
			inputFileListPaths = (
			);
			inputPaths = (
				"${PODS_PODFILE_DIR_PATH}/Podfile.lock",
				"${PODS_ROOT}/Manifest.lock",
			);
			name = "[CP] Check Pods Manifest.lock";
			outputFileListPaths = (
			);
			outputPaths = (
				"$(DERIVED_FILE_DIR)/Pods-MWPushNotifications-MWPushNotificationsPlugin-checkManifestLockResult.txt",
			);
			runOnlyForDeploymentPostprocessing = 0;
			shellPath = /bin/sh;
			shellScript = "diff \"${PODS_PODFILE_DIR_PATH}/Podfile.lock\" \"${PODS_ROOT}/Manifest.lock\" > /dev/null\nif [ $? != 0 ] ; then\n    # print error to STDERR\n    echo \"error: The sandbox is not in sync with the Podfile.lock. Run 'pod install' or update your CocoaPods installation.\" >&2\n    exit 1\nfi\n# This output is used by Xcode 'outputs' to avoid re-running this script phase.\necho \"SUCCESS\" > \"${SCRIPT_OUTPUT_FILE_0}\"\n";
			showEnvVarsInLog = 0;
		};
/* End PBXShellScriptBuildPhase section */

/* Begin PBXSourcesBuildPhase section */
		B1AD683525811E6E003A8D01 /* Sources */ = {
			isa = PBXSourcesBuildPhase;
			buildActionMask = 2147483647;
			files = (
				B1AD686E25811FD2003A8D01 /* MWPushNotificationsStep.swift in Sources */,
				B1AD687625812052003A8D01 /* MWPushNotificationsViewController.swift in Sources */,
				B1AD686725811F85003A8D01 /* MWPushNotificationsPlugin.swift in Sources */,
				B103B1BC258782F00021139F /* MWPushNotificationsResult.swift in Sources */,
			);
			runOnlyForDeploymentPostprocessing = 0;
		};
		B1AD683E25811E6F003A8D01 /* Sources */ = {
			isa = PBXSourcesBuildPhase;
			buildActionMask = 2147483647;
			files = (
				B1AD684825811E6F003A8D01 /* MWPushNotificationsPluginTests.swift in Sources */,
			);
			runOnlyForDeploymentPostprocessing = 0;
		};
/* End PBXSourcesBuildPhase section */

/* Begin PBXTargetDependency section */
		B1AD684525811E6F003A8D01 /* PBXTargetDependency */ = {
			isa = PBXTargetDependency;
			target = B1AD683825811E6E003A8D01 /* MWPushNotificationsPlugin */;
			targetProxy = B1AD684425811E6F003A8D01 /* PBXContainerItemProxy */;
		};
/* End PBXTargetDependency section */

/* Begin XCBuildConfiguration section */
		B1AD684B25811E6F003A8D01 /* Debug */ = {
			isa = XCBuildConfiguration;
			buildSettings = {
				ALWAYS_SEARCH_USER_PATHS = NO;
				CLANG_ANALYZER_NONNULL = YES;
				CLANG_ANALYZER_NUMBER_OBJECT_CONVERSION = YES_AGGRESSIVE;
				CLANG_CXX_LANGUAGE_STANDARD = "gnu++14";
				CLANG_CXX_LIBRARY = "libc++";
				CLANG_ENABLE_MODULES = YES;
				CLANG_ENABLE_OBJC_ARC = YES;
				CLANG_ENABLE_OBJC_WEAK = YES;
				CLANG_WARN_BLOCK_CAPTURE_AUTORELEASING = YES;
				CLANG_WARN_BOOL_CONVERSION = YES;
				CLANG_WARN_COMMA = YES;
				CLANG_WARN_CONSTANT_CONVERSION = YES;
				CLANG_WARN_DEPRECATED_OBJC_IMPLEMENTATIONS = YES;
				CLANG_WARN_DIRECT_OBJC_ISA_USAGE = YES_ERROR;
				CLANG_WARN_DOCUMENTATION_COMMENTS = YES;
				CLANG_WARN_EMPTY_BODY = YES;
				CLANG_WARN_ENUM_CONVERSION = YES;
				CLANG_WARN_INFINITE_RECURSION = YES;
				CLANG_WARN_INT_CONVERSION = YES;
				CLANG_WARN_NON_LITERAL_NULL_CONVERSION = YES;
				CLANG_WARN_OBJC_IMPLICIT_RETAIN_SELF = YES;
				CLANG_WARN_OBJC_LITERAL_CONVERSION = YES;
				CLANG_WARN_OBJC_ROOT_CLASS = YES_ERROR;
				CLANG_WARN_QUOTED_INCLUDE_IN_FRAMEWORK_HEADER = YES;
				CLANG_WARN_RANGE_LOOP_ANALYSIS = YES;
				CLANG_WARN_STRICT_PROTOTYPES = YES;
				CLANG_WARN_SUSPICIOUS_MOVE = YES;
				CLANG_WARN_UNGUARDED_AVAILABILITY = YES_AGGRESSIVE;
				CLANG_WARN_UNREACHABLE_CODE = YES;
				CLANG_WARN__DUPLICATE_METHOD_MATCH = YES;
				COPY_PHASE_STRIP = NO;
				CURRENT_PROJECT_VERSION = 1;
				DEBUG_INFORMATION_FORMAT = dwarf;
				ENABLE_STRICT_OBJC_MSGSEND = YES;
				ENABLE_TESTABILITY = YES;
				GCC_C_LANGUAGE_STANDARD = gnu11;
				GCC_DYNAMIC_NO_PIC = NO;
				GCC_NO_COMMON_BLOCKS = YES;
				GCC_OPTIMIZATION_LEVEL = 0;
				GCC_PREPROCESSOR_DEFINITIONS = (
					"DEBUG=1",
					"$(inherited)",
				);
				GCC_WARN_64_TO_32_BIT_CONVERSION = YES;
				GCC_WARN_ABOUT_RETURN_TYPE = YES_ERROR;
				GCC_WARN_UNDECLARED_SELECTOR = YES;
				GCC_WARN_UNINITIALIZED_AUTOS = YES_AGGRESSIVE;
				GCC_WARN_UNUSED_FUNCTION = YES;
				GCC_WARN_UNUSED_VARIABLE = YES;
				IPHONEOS_DEPLOYMENT_TARGET = 13.0;
				MTL_ENABLE_DEBUG_INFO = INCLUDE_SOURCE;
				MTL_FAST_MATH = YES;
				ONLY_ACTIVE_ARCH = YES;
				SDKROOT = iphoneos;
				SWIFT_ACTIVE_COMPILATION_CONDITIONS = DEBUG;
				SWIFT_OPTIMIZATION_LEVEL = "-Onone";
				VERSIONING_SYSTEM = "apple-generic";
				VERSION_INFO_PREFIX = "";
			};
			name = Debug;
		};
		B1AD684C25811E6F003A8D01 /* Release */ = {
			isa = XCBuildConfiguration;
			buildSettings = {
				ALWAYS_SEARCH_USER_PATHS = NO;
				CLANG_ANALYZER_NONNULL = YES;
				CLANG_ANALYZER_NUMBER_OBJECT_CONVERSION = YES_AGGRESSIVE;
				CLANG_CXX_LANGUAGE_STANDARD = "gnu++14";
				CLANG_CXX_LIBRARY = "libc++";
				CLANG_ENABLE_MODULES = YES;
				CLANG_ENABLE_OBJC_ARC = YES;
				CLANG_ENABLE_OBJC_WEAK = YES;
				CLANG_WARN_BLOCK_CAPTURE_AUTORELEASING = YES;
				CLANG_WARN_BOOL_CONVERSION = YES;
				CLANG_WARN_COMMA = YES;
				CLANG_WARN_CONSTANT_CONVERSION = YES;
				CLANG_WARN_DEPRECATED_OBJC_IMPLEMENTATIONS = YES;
				CLANG_WARN_DIRECT_OBJC_ISA_USAGE = YES_ERROR;
				CLANG_WARN_DOCUMENTATION_COMMENTS = YES;
				CLANG_WARN_EMPTY_BODY = YES;
				CLANG_WARN_ENUM_CONVERSION = YES;
				CLANG_WARN_INFINITE_RECURSION = YES;
				CLANG_WARN_INT_CONVERSION = YES;
				CLANG_WARN_NON_LITERAL_NULL_CONVERSION = YES;
				CLANG_WARN_OBJC_IMPLICIT_RETAIN_SELF = YES;
				CLANG_WARN_OBJC_LITERAL_CONVERSION = YES;
				CLANG_WARN_OBJC_ROOT_CLASS = YES_ERROR;
				CLANG_WARN_QUOTED_INCLUDE_IN_FRAMEWORK_HEADER = YES;
				CLANG_WARN_RANGE_LOOP_ANALYSIS = YES;
				CLANG_WARN_STRICT_PROTOTYPES = YES;
				CLANG_WARN_SUSPICIOUS_MOVE = YES;
				CLANG_WARN_UNGUARDED_AVAILABILITY = YES_AGGRESSIVE;
				CLANG_WARN_UNREACHABLE_CODE = YES;
				CLANG_WARN__DUPLICATE_METHOD_MATCH = YES;
				COPY_PHASE_STRIP = NO;
				CURRENT_PROJECT_VERSION = 1;
				DEBUG_INFORMATION_FORMAT = "dwarf-with-dsym";
				ENABLE_NS_ASSERTIONS = NO;
				ENABLE_STRICT_OBJC_MSGSEND = YES;
				GCC_C_LANGUAGE_STANDARD = gnu11;
				GCC_NO_COMMON_BLOCKS = YES;
				GCC_WARN_64_TO_32_BIT_CONVERSION = YES;
				GCC_WARN_ABOUT_RETURN_TYPE = YES_ERROR;
				GCC_WARN_UNDECLARED_SELECTOR = YES;
				GCC_WARN_UNINITIALIZED_AUTOS = YES_AGGRESSIVE;
				GCC_WARN_UNUSED_FUNCTION = YES;
				GCC_WARN_UNUSED_VARIABLE = YES;
				IPHONEOS_DEPLOYMENT_TARGET = 13.0;
				MTL_ENABLE_DEBUG_INFO = NO;
				MTL_FAST_MATH = YES;
				SDKROOT = iphoneos;
				SWIFT_COMPILATION_MODE = wholemodule;
				SWIFT_OPTIMIZATION_LEVEL = "-O";
				VALIDATE_PRODUCT = YES;
				VERSIONING_SYSTEM = "apple-generic";
				VERSION_INFO_PREFIX = "";
			};
			name = Release;
		};
		B1AD684E25811E6F003A8D01 /* Debug */ = {
			isa = XCBuildConfiguration;
			baseConfigurationReference = AC2AC509D1B8B0C185278273 /* Pods-MWPushNotifications-MWPushNotificationsPlugin.debug.xcconfig */;
			buildSettings = {
				CLANG_ENABLE_MODULES = YES;
				CODE_SIGN_STYLE = Automatic;
				DEFINES_MODULE = YES;
				DEVELOPMENT_TEAM = BQHMJ2C6RL;
				DYLIB_COMPATIBILITY_VERSION = 1;
				DYLIB_CURRENT_VERSION = 1;
				DYLIB_INSTALL_NAME_BASE = "@rpath";
				INFOPLIST_FILE = MWPushNotificationsPlugin/Info.plist;
				INSTALL_PATH = "$(LOCAL_LIBRARY_DIR)/Frameworks";
				LD_RUNPATH_SEARCH_PATHS = (
					"$(inherited)",
					"@executable_path/Frameworks",
					"@loader_path/Frameworks",
				);
				PRODUCT_BUNDLE_IDENTIFIER = com.futureworkshops.MWPushNotificationsPlugin.MWPushNotificationsPlugin;
				PRODUCT_NAME = "$(TARGET_NAME:c99extidentifier)";
				SKIP_INSTALL = YES;
				SUPPORTS_MACCATALYST = NO;
				SWIFT_OPTIMIZATION_LEVEL = "-Onone";
				SWIFT_VERSION = 5.0;
				TARGETED_DEVICE_FAMILY = 1;
			};
			name = Debug;
		};
		B1AD684F25811E6F003A8D01 /* Release */ = {
			isa = XCBuildConfiguration;
			baseConfigurationReference = 93E3B82DD636AA25A489CD50 /* Pods-MWPushNotifications-MWPushNotificationsPlugin.release.xcconfig */;
			buildSettings = {
				CLANG_ENABLE_MODULES = YES;
				CODE_SIGN_STYLE = Automatic;
				DEFINES_MODULE = YES;
				DEVELOPMENT_TEAM = BQHMJ2C6RL;
				DYLIB_COMPATIBILITY_VERSION = 1;
				DYLIB_CURRENT_VERSION = 1;
				DYLIB_INSTALL_NAME_BASE = "@rpath";
				INFOPLIST_FILE = MWPushNotificationsPlugin/Info.plist;
				INSTALL_PATH = "$(LOCAL_LIBRARY_DIR)/Frameworks";
				LD_RUNPATH_SEARCH_PATHS = (
					"$(inherited)",
					"@executable_path/Frameworks",
					"@loader_path/Frameworks",
				);
				PRODUCT_BUNDLE_IDENTIFIER = com.futureworkshops.MWPushNotificationsPlugin.MWPushNotificationsPlugin;
				PRODUCT_NAME = "$(TARGET_NAME:c99extidentifier)";
				SKIP_INSTALL = YES;
				SUPPORTS_MACCATALYST = NO;
				SWIFT_VERSION = 5.0;
				TARGETED_DEVICE_FAMILY = 1;
			};
			name = Release;
		};
		B1AD685125811E6F003A8D01 /* Debug */ = {
			isa = XCBuildConfiguration;
			baseConfigurationReference = AA7721421828052B64961E4C /* Pods-MWPushNotificationsPluginTests.debug.xcconfig */;
			buildSettings = {
				ALWAYS_EMBED_SWIFT_STANDARD_LIBRARIES = YES;
				CODE_SIGN_STYLE = Automatic;
				DEVELOPMENT_TEAM = BQHMJ2C6RL;
				INFOPLIST_FILE = MWPushNotificationsPluginTests/Info.plist;
				LD_RUNPATH_SEARCH_PATHS = (
					"$(inherited)",
					"@executable_path/Frameworks",
					"@loader_path/Frameworks",
				);
				PRODUCT_BUNDLE_IDENTIFIER = com.futureworkshops.MWPushNotificationsPlugin.MWPushNotificationsPluginTests;
				PRODUCT_NAME = "$(TARGET_NAME)";
				SWIFT_VERSION = 5.0;
				TARGETED_DEVICE_FAMILY = "1,2";
			};
			name = Debug;
		};
		B1AD685225811E6F003A8D01 /* Release */ = {
			isa = XCBuildConfiguration;
			baseConfigurationReference = 9ADEF979AAC2948D2B8E353F /* Pods-MWPushNotificationsPluginTests.release.xcconfig */;
			buildSettings = {
				ALWAYS_EMBED_SWIFT_STANDARD_LIBRARIES = YES;
				CODE_SIGN_STYLE = Automatic;
				DEVELOPMENT_TEAM = BQHMJ2C6RL;
				INFOPLIST_FILE = MWPushNotificationsPluginTests/Info.plist;
				LD_RUNPATH_SEARCH_PATHS = (
					"$(inherited)",
					"@executable_path/Frameworks",
					"@loader_path/Frameworks",
				);
				PRODUCT_BUNDLE_IDENTIFIER = com.futureworkshops.MWPushNotificationsPlugin.MWPushNotificationsPluginTests;
				PRODUCT_NAME = "$(TARGET_NAME)";
				SWIFT_VERSION = 5.0;
				TARGETED_DEVICE_FAMILY = "1,2";
			};
			name = Release;
		};
/* End XCBuildConfiguration section */

/* Begin XCConfigurationList section */
		B1AD683325811E6E003A8D01 /* Build configuration list for PBXProject "MWPushNotificationsPlugin" */ = {
			isa = XCConfigurationList;
			buildConfigurations = (
				B1AD684B25811E6F003A8D01 /* Debug */,
				B1AD684C25811E6F003A8D01 /* Release */,
			);
			defaultConfigurationIsVisible = 0;
			defaultConfigurationName = Release;
		};
		B1AD684D25811E6F003A8D01 /* Build configuration list for PBXNativeTarget "MWPushNotificationsPlugin" */ = {
			isa = XCConfigurationList;
			buildConfigurations = (
				B1AD684E25811E6F003A8D01 /* Debug */,
				B1AD684F25811E6F003A8D01 /* Release */,
			);
			defaultConfigurationIsVisible = 0;
			defaultConfigurationName = Release;
		};
		B1AD685025811E6F003A8D01 /* Build configuration list for PBXNativeTarget "MWPushNotificationsPluginTests" */ = {
			isa = XCConfigurationList;
			buildConfigurations = (
				B1AD685125811E6F003A8D01 /* Debug */,
				B1AD685225811E6F003A8D01 /* Release */,
			);
			defaultConfigurationIsVisible = 0;
			defaultConfigurationName = Release;
		};
/* End XCConfigurationList section */
	};
	rootObject = B1AD683025811E6E003A8D01 /* Project object */;
}
